// !$*UTF8*$!
{
	archiveVersion = 1;
	classes = {
	};
	objectVersion = 77;
	objects = {

/* Begin PBXContainerItemProxy section */
		E0C3E0FE2FD6A96000724AA3 /* PBXContainerItemProxy */ = {
			isa = PBXContainerItemProxy;
			containerPortal = E0C3E0E82FD6A95E00724AA3 /* Project object */;
			proxyType = 1;
			remoteGlobalIDString = E0C3E0EF2FD6A95E00724AA3;
			remoteInfo = voice_to_text;
		};
		E0C3E1082FD6A96000724AA3 /* PBXContainerItemProxy */ = {
			isa = PBXContainerItemProxy;
			containerPortal = E0C3E0E82FD6A95E00724AA3 /* Project object */;
			proxyType = 1;
			remoteGlobalIDString = E0C3E0EF2FD6A95E00724AA3;
			remoteInfo = voice_to_text;
		};
/* End PBXContainerItemProxy section */

/* Begin PBXFileReference section */
		E0C3E0F02FD6A95E00724AA3 /* voice_to_text.app */ = {isa = PBXFileReference; explicitFileType = wrapper.application; includeInIndex = 0; path = voice_to_text.app; sourceTree = BUILT_PRODUCTS_DIR; };
		E0C3E0FD2FD6A96000724AA3 /* voice_to_textTests.xctest */ = {isa = PBXFileReference; explicitFileType = wrapper.cfbundle; includeInIndex = 0; path = voice_to_textTests.xctest; sourceTree = BUILT_PRODUCTS_DIR; };
		E0C3E1072FD6A96000724AA3 /* voice_to_textUITests.xctest */ = {isa = PBXFileReference; explicitFileType = wrapper.cfbundle; includeInIndex = 0; path = voice_to_textUITests.xctest; sourceTree = BUILT_PRODUCTS_DIR; };
/* End PBXFileReference section */

/* Begin PBXFileSystemSynchronizedRootGroup section */
		E0C3E0F22FD6A95E00724AA3 /* voice_to_text */ = {
			isa = PBXFileSystemSynchronizedRootGroup;
			path = voice_to_text;
			sourceTree = "<group>";
		};
		E0C3E1002FD6A96000724AA3 /* voice_to_textTests */ = {
			isa = PBXFileSystemSynchronizedRootGroup;
			path = voice_to_textTests;
			sourceTree = "<group>";
		};
		E0C3E10A2FD6A96000724AA3 /* voice_to_textUITests */ = {
			isa = PBXFileSystemSynchronizedRootGroup;
			path = voice_to_textUITests;
			sourceTree = "<group>";
		};
		E0C3E11A2FD6AF9C00724AA3 /* Helpers */ = {
			isa = PBXFileSystemSynchronizedRootGroup;
			path = Helpers;
			sourceTree = "<group>";
		};
/* End PBXFileSystemSynchronizedRootGroup section */

/* Begin PBXFrameworksBuildPhase section */
		E0C3E0ED2FD6A95E00724AA3 /* Frameworks */ = {
			isa = PBXFrameworksBuildPhase;
			buildActionMask = 2147483647;
			files = (
			);
			runOnlyForDeploymentPostprocessing = 0;
		};
		E0C3E0FA2FD6A96000724AA3 /* Frameworks */ = {
			isa = PBXFrameworksBuildPhase;
			buildActionMask = 2147483647;
			files = (
			);
			runOnlyForDeploymentPostprocessing = 0;
		};
		E0C3E1042FD6A96000724AA3 /* Frameworks */ = {
			isa = PBXFrameworksBuildPhase;
			buildActionMask = 2147483647;
			files = (
			);
			runOnlyForDeploymentPostprocessing = 0;
		};
/* End PBXFrameworksBuildPhase section */

/* Begin PBXGroup section */
		E0C3E0E72FD6A95E00724AA3 = {
			isa = PBXGroup;
			children = (
				E0C3E11A2FD6AF9C00724AA3 /* Helpers */,
				E0C3E0F22FD6A95E00724AA3 /* voice_to_text */,
				E0C3E1002FD6A96000724AA3 /* voice_to_textTests */,
				E0C3E10A2FD6A96000724AA3 /* voice_to_textUITests */,
				E0C3E0F12FD6A95E00724AA3 /* Products */,
			);
			sourceTree = "<group>";
		};
		E0C3E0F12FD6A95E00724AA3 /* Products */ = {
			isa = PBXGroup;
			children = (
				E0C3E0F02FD6A95E00724AA3 /* voice_to_text.app */,
				E0C3E0FD2FD6A96000724AA3 /* voice_to_textTests.xctest */,
				E0C3E1072FD6A96000724AA3 /* voice_to_textUITests.xctest */,
			);
			name = Products;
			sourceTree = "<group>";
		};
/* End PBXGroup section */

/* Begin PBXNativeTarget section */
		E0C3E0EF2FD6A95E00724AA3 /* voice_to_text */ = {
			isa = PBXNativeTarget;
			buildConfigurationList = E0C3E1112FD6A96000724AA3 /* Build configuration list for PBXNativeTarget "voice_to_text" */;
			buildPhases = (
				E0C3E0EC2FD6A95E00724AA3 /* Sources */,
				E0C3E0ED2FD6A95E00724AA3 /* Frameworks */,
				E0C3E0EE2FD6A95E00724AA3 /* Resources */,
			);
			buildRules = (
			);
			dependencies = (
			);
			fileSystemSynchronizedGroups = (
				E0C3E0F22FD6A95E00724AA3 /* voice_to_text */,
				E0C3E11A2FD6AF9C00724AA3 /* Helpers */,
			);
			name = voice_to_text;
			packageProductDependencies = (
			);
			productName = voice_to_text;
			productReference = E0C3E0F02FD6A95E00724AA3 /* voice_to_text.app */;
			productType = "com.apple.product-type.application";
		};
		E0C3E0FC2FD6A96000724AA3 /* voice_to_textTests */ = {
			isa = PBXNativeTarget;
			buildConfigurationList = E0C3E1142FD6A96000724AA3 /* Build configuration list for PBXNativeTarget "voice_to_textTests" */;
			buildPhases = (
				E0C3E0F92FD6A96000724AA3 /* Sources */,
				E0C3E0FA2FD6A96000724AA3 /* Frameworks */,
				E0C3E0FB2FD6A96000724AA3 /* Resources */,
			);
			buildRules = (
			);
			dependencies = (
				E0C3E0FF2FD6A96000724AA3 /* PBXTargetDependency */,
			);
			fileSystemSynchronizedGroups = (
				E0C3E1002FD6A96000724AA3 /* voice_to_textTests */,
			);
			name = voice_to_textTests;
			packageProductDependencies = (
			);
			productName = voice_to_textTests;
			productReference = E0C3E0FD2FD6A96000724AA3 /* voice_to_textTests.xctest */;
			productType = "com.apple.product-type.bundle.unit-test";
		};
		E0C3E1062FD6A96000724AA3 /* voice_to_textUITests */ = {
			isa = PBXNativeTarget;
			buildConfigurationList = E0C3E1172FD6A96000724AA3 /* Build configuration list for PBXNativeTarget "voice_to_textUITests" */;
			buildPhases = (
				E0C3E1032FD6A96000724AA3 /* Sources */,
				E0C3E1042FD6A96000724AA3 /* Frameworks */,
				E0C3E1052FD6A96000724AA3 /* Resources */,
			);
			buildRules = (
			);
			dependencies = (
				E0C3E1092FD6A96000724AA3 /* PBXTargetDependency */,
			);
			fileSystemSynchronizedGroups = (
				E0C3E10A2FD6A96000724AA3 /* voice_to_textUITests */,
			);
			name = voice_to_textUITests;
			packageProductDependencies = (
			);
			productName = voice_to_textUITests;
			productReference = E0C3E1072FD6A96000724AA3 /* voice_to_textUITests.xctest */;
			productType = "com.apple.product-type.bundle.ui-testing";
		};
/* End PBXNativeTarget section */

/* Begin PBXProject section */
		E0C3E0E82FD6A95E00724AA3 /* Project object */ = {
			isa = PBXProject;
			attributes = {
				BuildIndependentTargetsInParallel = 1;
				LastSwiftUpdateCheck = 2630;
				LastUpgradeCheck = 2630;
				TargetAttributes = {
					E0C3E0EF2FD6A95E00724AA3 = {
						CreatedOnToolsVersion = 26.3;
					};
					E0C3E0FC2FD6A96000724AA3 = {
						CreatedOnToolsVersion = 26.3;
						TestTargetID = E0C3E0EF2FD6A95E00724AA3;
					};
					E0C3E1062FD6A96000724AA3 = {
						CreatedOnToolsVersion = 26.3;
						TestTargetID = E0C3E0EF2FD6A95E00724AA3;
					};
				};
			};
			buildConfigurationList = E0C3E0EB2FD6A95E00724AA3 /* Build configuration list for PBXProject "voice_to_text" */;
			developmentRegion = en;
			hasScannedForEncodings = 0;
			knownRegions = (
				en,
				Base,
			);
			mainGroup = E0C3E0E72FD6A95E00724AA3;
			minimizedProjectReferenceProxies = 1;
			preferredProjectObjectVersion = 77;
			productRefGroup = E0C3E0F12FD6A95E00724AA3 /* Products */;
			projectDirPath = "";
			projectRoot = "";
			targets = (
				E0C3E0EF2FD6A95E00724AA3 /* voice_to_text */,
				E0C3E0FC2FD6A96000724AA3 /* voice_to_textTests */,
				E0C3E1062FD6A96000724AA3 /* voice_to_textUITests */,
			);
		};
/* End PBXProject section */

/* Begin PBXResourcesBuildPhase section */
		E0C3E0EE2FD6A95E00724AA3 /* Resources */ = {
			isa = PBXResourcesBuildPhase;
			buildActionMask = 2147483647;
			files = (
			);
			runOnlyForDeploymentPostprocessing = 0;
		};
		E0C3E0FB2FD6A96000724AA3 /* Resources */ = {
			isa = PBXResourcesBuildPhase;
			buildActionMask = 2147483647;
			files = (
			);
			runOnlyForDeploymentPostprocessing = 0;
		};
		E0C3E1052FD6A96000724AA3 /* Resources */ = {
			isa = PBXResourcesBuildPhase;
			buildActionMask = 2147483647;
			files = (
			);
			runOnlyForDeploymentPostprocessing = 0;
		};
/* End PBXResourcesBuildPhase section */

/* Begin PBXSourcesBuildPhase section */
		E0C3E0EC2FD6A95E00724AA3 /* Sources */ = {
			isa = PBXSourcesBuildPhase;
			buildActionMask = 2147483647;
			files = (
			);
			runOnlyForDeploymentPostprocessing = 0;
		};
		E0C3E0F92FD6A96000724AA3 /* Sources */ = {
			isa = PBXSourcesBuildPhase;
			buildActionMask = 2147483647;
			files = (
			);
			runOnlyForDeploymentPostprocessing = 0;
		};
		E0C3E1032FD6A96000724AA3 /* Sources */ = {
			isa = PBXSourcesBuildPhase;
			buildActionMask = 2147483647;
			files = (
			);
			runOnlyForDeploymentPostprocessing = 0;
		};
/* End PBXSourcesBuildPhase section */

/* Begin PBXTargetDependency section */
		E0C3E0FF2FD6A96000724AA3 /* PBXTargetDependency */ = {
			isa = PBXTargetDependency;
			target = E0C3E0EF2FD6A95E00724AA3 /* voice_to_text */;
			targetProxy = E0C3E0FE2FD6A96000724AA3 /* PBXContainerItemProxy */;
		};
		E0C3E1092FD6A96000724AA3 /* PBXTargetDependency */ = {
			isa = PBXTargetDependency;
			target = E0C3E0EF2FD6A95E00724AA3 /* voice_to_text */;
			targetProxy = E0C3E1082FD6A96000724AA3 /* PBXContainerItemProxy */;
		};
/* End PBXTargetDependency section */

/* Begin XCBuildConfiguration section */
		E0C3E10F2FD6A96000724AA3 /* Debug */ = {
			isa = XCBuildConfiguration;
			buildSettings = {
				ALWAYS_SEARCH_USER_PATHS = NO;
				ASSETCATALOG_COMPILER_GENERATE_SWIFT_ASSET_SYMBOL_EXTENSIONS = YES;
				CLANG_ANALYZER_NONNULL = YES;
				CLANG_ANALYZER_NUMBER_OBJECT_CONVERSION = YES_AGGRESSIVE;
				CLANG_CXX_LANGUAGE_STANDARD = "gnu++20";
				CLANG_ENABLE_MODULES = YES;
				CLANG_ENABLE_OBJC_ARC = YES;
				CLANG_ENABLE_OBJC_WEAK = YES;
				CLANG_WARN_BLOCK_CAPTURE_AUTORELEASING = YES;
				CLANG_WARN_BOOL_CONVERSION = YES;
				CLANG_WARN_COMMA = YES;
				CLANG_WARN_CONSTANT_CONVERSION = YES;
				CLANG_WARN_DEPRECATED_OBJC_IMPLEMENTATIONS = YES;
				CLANG_WARN_DIRECT_OBJC_ISA_USAGE = YES_ERROR;
				CLANG_WARN_DOCUMENTATION_COMMENTS = YES;
				CLANG_WARN_EMPTY_BODY = YES;
				CLANG_WARN_ENUM_CONVERSION = YES;
				CLANG_WARN_INFINITE_RECURSION = YES;
				CLANG_WARN_INT_CONVERSION = YES;
				CLANG_WARN_NON_LITERAL_NULL_CONVERSION = YES;
				CLANG_WARN_OBJC_IMPLICIT_RETAIN_SELF = YES;
				CLANG_WARN_OBJC_LITERAL_CONVERSION = YES;
				CLANG_WARN_OBJC_ROOT_CLASS = YES_ERROR;
				CLANG_WARN_QUOTED_INCLUDE_IN_FRAMEWORK_HEADER = YES;
				CLANG_WARN_RANGE_LOOP_ANALYSIS = YES;
				CLANG_WARN_STRICT_PROTOTYPES = YES;
				CLANG_WARN_SUSPICIOUS_MOVE = YES;
				CLANG_WARN_UNGUARDED_AVAILABILITY = YES_AGGRESSIVE;
				CLANG_WARN_UNREACHABLE_CODE = YES;
				CLANG_WARN__DUPLICATE_METHOD_MATCH = YES;
				COPY_PHASE_STRIP = NO;
				DEBUG_INFORMATION_FORMAT = dwarf;
				DEVELOPMENT_TEAM = LSP4LMWCP5;
				ENABLE_STRICT_OBJC_MSGSEND = YES;
				ENABLE_TESTABILITY = YES;
				ENABLE_USER_SCRIPT_SANDBOXING = YES;
				GCC_C_LANGUAGE_STANDARD = gnu17;
				GCC_DYNAMIC_NO_PIC = NO;
				GCC_NO_COMMON_BLOCKS = YES;
				GCC_OPTIMIZATION_LEVEL = 0;
				GCC_PREPROCESSOR_DEFINITIONS = (
					"DEBUG=1",
					"$(inherited)",
				);
				GCC_WARN_64_TO_32_BIT_CONVERSION = YES;
				GCC_WARN_ABOUT_RETURN_TYPE = YES_ERROR;
				GCC_WARN_UNDECLARED_SELECTOR = YES;
				GCC_WARN_UNINITIALIZED_AUTOS = YES_AGGRESSIVE;
				GCC_WARN_UNUSED_FUNCTION = YES;
				GCC_WARN_UNUSED_VARIABLE = YES;
				IPHONEOS_DEPLOYMENT_TARGET = 26.2;
				LOCALIZATION_PREFERS_STRING_CATALOGS = YES;
				MTL_ENABLE_DEBUG_INFO = INCLUDE_SOURCE;
				MTL_FAST_MATH = YES;
				ONLY_ACTIVE_ARCH = YES;
				SDKROOT = iphoneos;
				SWIFT_ACTIVE_COMPILATION_CONDITIONS = "DEBUG $(inherited)";
				SWIFT_OPTIMIZATION_LEVEL = "-Onone";
			};
			name = Debug;
		};
		E0C3E1102FD6A96000724AA3 /* Release */ = {
			isa = XCBuildConfiguration;
			buildSettings = {
				ALWAYS_SEARCH_USER_PATHS = NO;
				ASSETCATALOG_COMPILER_GENERATE_SWIFT_ASSET_SYMBOL_EXTENSIONS = YES;
				CLANG_ANALYZER_NONNULL = YES;
				CLANG_ANALYZER_NUMBER_OBJECT_CONVERSION = YES_AGGRESSIVE;
				CLANG_CXX_LANGUAGE_STANDARD = "gnu++20";
				CLANG_ENABLE_MODULES = YES;
				CLANG_ENABLE_OBJC_ARC = YES;
				CLANG_ENABLE_OBJC_WEAK = YES;
				CLANG_WARN_BLOCK_CAPTURE_AUTORELEASING = YES;
				CLANG_WARN_BOOL_CONVERSION = YES;
				CLANG_WARN_COMMA = YES;
				CLANG_WARN_CONSTANT_CONVERSION = YES;
				CLANG_WARN_DEPRECATED_OBJC_IMPLEMENTATIONS = YES;
				CLANG_WARN_DIRECT_OBJC_ISA_USAGE = YES_ERROR;
				CLANG_WARN_DOCUMENTATION_COMMENTS = YES;
				CLANG_WARN_EMPTY_BODY = YES;
				CLANG_WARN_ENUM_CONVERSION = YES;
				CLANG_WARN_INFINITE_RECURSION = YES;
				CLANG_WARN_INT_CONVERSION = YES;
				CLANG_WARN_NON_LITERAL_NULL_CONVERSION = YES;
				CLANG_WARN_OBJC_IMPLICIT_RETAIN_SELF = YES;
				CLANG_WARN_OBJC_LITERAL_CONVERSION = YES;
				CLANG_WARN_OBJC_ROOT_CLASS = YES_ERROR;
				CLANG_WARN_QUOTED_INCLUDE_IN_FRAMEWORK_HEADER = YES;
				CLANG_WARN_RANGE_LOOP_ANALYSIS = YES;
				CLANG_WARN_STRICT_PROTOTYPES = YES;
				CLANG_WARN_SUSPICIOUS_MOVE = YES;
				CLANG_WARN_UNGUARDED_AVAILABILITY = YES_AGGRESSIVE;
				CLANG_WARN_UNREACHABLE_CODE = YES;
				CLANG_WARN__DUPLICATE_METHOD_MATCH = YES;
				COPY_PHASE_STRIP = NO;
				DEBUG_INFORMATION_FORMAT = "dwarf-with-dsym";
				DEVELOPMENT_TEAM = LSP4LMWCP5;
				ENABLE_NS_ASSERTIONS = NO;
				ENABLE_STRICT_OBJC_MSGSEND = YES;
				ENABLE_USER_SCRIPT_SANDBOXING = YES;
				GCC_C_LANGUAGE_STANDARD = gnu17;
				GCC_NO_COMMON_BLOCKS = YES;
				GCC_WARN_64_TO_32_BIT_CONVERSION = YES;
				GCC_WARN_ABOUT_RETURN_TYPE = YES_ERROR;
				GCC_WARN_UNDECLARED_SELECTOR = YES;
				GCC_WARN_UNINITIALIZED_AUTOS = YES_AGGRESSIVE;
				GCC_WARN_UNUSED_FUNCTION = YES;
				GCC_WARN_UNUSED_VARIABLE = YES;
				IPHONEOS_DEPLOYMENT_TARGET = 26.2;
				LOCALIZATION_PREFERS_STRING_CATALOGS = YES;
				MTL_ENABLE_DEBUG_INFO = NO;
				MTL_FAST_MATH = YES;
				SDKROOT = iphoneos;
				SWIFT_COMPILATION_MODE = wholemodule;
				VALIDATE_PRODUCT = YES;
			};
			name = Release;
		};
		E0C3E1122FD6A96000724AA3 /* Debug */ = {
			isa = XCBuildConfiguration;
			buildSettings = {
				ASSETCATALOG_COMPILER_APPICON_NAME = AppIcon;
				ASSETCATALOG_COMPILER_GLOBAL_ACCENT_COLOR_NAME = AccentColor;
				CODE_SIGN_STYLE = Automatic;
				CURRENT_PROJECT_VERSION = 1;
				DEVELOPMENT_TEAM = LSP4LMWCP5;
				ENABLE_PREVIEWS = YES;
				GENERATE_INFOPLIST_FILE = YES;
				INFOPLIST_KEY_UIApplicationSceneManifest_Generation = YES;
				INFOPLIST_KEY_UIApplicationSupportsIndirectInputEvents = YES;
				INFOPLIST_KEY_UILaunchScreen_Generation = YES;
				INFOPLIST_KEY_UISupportedInterfaceOrientations_iPad = "UIInterfaceOrientationPortrait UIInterfaceOrientationPortraitUpsideDown UIInterfaceOrientationLandscapeLeft UIInterfaceOrientationLandscapeRight";
				INFOPLIST_KEY_UISupportedInterfaceOrientations_iPhone = "UIInterfaceOrientationPortrait UIInterfaceOrientationLandscapeLeft UIInterfaceOrientationLandscapeRight";
				LD_RUNPATH_SEARCH_PATHS = (
					"$(inherited)",
					"@executable_path/Frameworks",
				);
				MARKETING_VERSION = 1.0;
				PRODUCT_BUNDLE_IDENTIFIER = "ds.digitalservices.voice-to-text";
				PRODUCT_NAME = "$(TARGET_NAME)";
				STRING_CATALOG_GENERATE_SYMBOLS = YES;
				SWIFT_APPROACHABLE_CONCURRENCY = YES;
				SWIFT_DEFAULT_ACTOR_ISOLATION = MainActor;
				SWIFT_EMIT_LOC_STRINGS = YES;
				SWIFT_UPCOMING_FEATURE_MEMBER_IMPORT_VISIBILITY = YES;
				SWIFT_VERSION = 5.0;
				TARGETED_DEVICE_FAMILY = "1,2";
			};
			name = Debug;
		};
		E0C3E1132FD6A96000724AA3 /* Release */ = {
			isa = XCBuildConfiguration;
			buildSettings = {
				ASSETCATALOG_COMPILER_APPICON_NAME = AppIcon;
				ASSETCATALOG_COMPILER_GLOBAL_ACCENT_COLOR_NAME = AccentColor;
				CODE_SIGN_STYLE = Automatic;
				CURRENT_PROJECT_VERSION = 1;
				DEVELOPMENT_TEAM = LSP4LMWCP5;
				ENABLE_PREVIEWS = YES;
				GENERATE_INFOPLIST_FILE = YES;
				INFOPLIST_KEY_UIApplicationSceneManifest_Generation = YES;
				INFOPLIST_KEY_UIApplicationSupportsIndirectInputEvents = YES;
				INFOPLIST_KEY_UILaunchScreen_Generation = YES;
				INFOPLIST_KEY_UISupportedInterfaceOrientations_iPad = "UIInterfaceOrientationPortrait UIInterfaceOrientationPortraitUpsideDown UIInterfaceOrientationLandscapeLeft UIInterfaceOrientationLandscapeRight";
				INFOPLIST_KEY_UISupportedInterfaceOrientations_iPhone = "UIInterfaceOrientationPortrait UIInterfaceOrientationLandscapeLeft UIInterfaceOrientationLandscapeRight";
				LD_RUNPATH_SEARCH_PATHS = (
					"$(inherited)",
					"@executable_path/Frameworks",
				);
				MARKETING_VERSION = 1.0;
				PRODUCT_BUNDLE_IDENTIFIER = "ds.digitalservices.voice-to-text";
				PRODUCT_NAME = "$(TARGET_NAME)";
				STRING_CATALOG_GENERATE_SYMBOLS = YES;
				SWIFT_APPROACHABLE_CONCURRENCY = YES;
				SWIFT_DEFAULT_ACTOR_ISOLATION = MainActor;
				SWIFT_EMIT_LOC_STRINGS = YES;
				SWIFT_UPCOMING_FEATURE_MEMBER_IMPORT_VISIBILITY = YES;
				SWIFT_VERSION = 5.0;
				TARGETED_DEVICE_FAMILY = "1,2";
			};
			name = Release;
		};
		E0C3E1152FD6A96000724AA3 /* Debug */ = {
			isa = XCBuildConfiguration;
			buildSettings = {
				BUNDLE_LOADER = "$(TEST_HOST)";
				CODE_SIGN_STYLE = Automatic;
				CURRENT_PROJECT_VERSION = 1;
				DEVELOPMENT_TEAM = LSP4LMWCP5;
				GENERATE_INFOPLIST_FILE = YES;
				IPHONEOS_DEPLOYMENT_TARGET = 26.2;
				MARKETING_VERSION = 1.0;
				PRODUCT_BUNDLE_IDENTIFIER = "ds.digitalservices.voice-to-textTests";
				PRODUCT_NAME = "$(TARGET_NAME)";
				STRING_CATALOG_GENERATE_SYMBOLS = NO;
				SWIFT_APPROACHABLE_CONCURRENCY = YES;
				SWIFT_EMIT_LOC_STRINGS = NO;
				SWIFT_UPCOMING_FEATURE_MEMBER_IMPORT_VISIBILITY = YES;
				SWIFT_VERSION = 5.0;
				TARGETED_DEVICE_FAMILY = "1,2";
				TEST_HOST = "$(BUILT_PRODUCTS_DIR)/voice_to_text.app/$(BUNDLE_EXECUTABLE_FOLDER_PATH)/voice_to_text";
			};
			name = Debug;
		};
		E0C3E1162FD6A96000724AA3 /* Release */ = {
			isa = XCBuildConfiguration;
			buildSettings = {
				BUNDLE_LOADER = "$(TEST_HOST)";
				CODE_SIGN_STYLE = Automatic;
				CURRENT_PROJECT_VERSION = 1;
				DEVELOPMENT_TEAM = LSP4LMWCP5;
				GENERATE_INFOPLIST_FILE = YES;
				IPHONEOS_DEPLOYMENT_TARGET = 26.2;
				MARKETING_VERSION = 1.0;
				PRODUCT_BUNDLE_IDENTIFIER = "ds.digitalservices.voice-to-textTests";
				PRODUCT_NAME = "$(TARGET_NAME)";
				STRING_CATALOG_GENERATE_SYMBOLS = NO;
				SWIFT_APPROACHABLE_CONCURRENCY = YES;
				SWIFT_EMIT_LOC_STRINGS = NO;
				SWIFT_UPCOMING_FEATURE_MEMBER_IMPORT_VISIBILITY = YES;
				SWIFT_VERSION = 5.0;
				TARGETED_DEVICE_FAMILY = "1,2";
				TEST_HOST = "$(BUILT_PRODUCTS_DIR)/voice_to_text.app/$(BUNDLE_EXECUTABLE_FOLDER_PATH)/voice_to_text";
			};
			name = Release;
		};
		E0C3E1182FD6A96000724AA3 /* Debug */ = {
			isa = XCBuildConfiguration;
			buildSettings = {
				CODE_SIGN_STYLE = Automatic;
				CURRENT_PROJECT_VERSION = 1;
				DEVELOPMENT_TEAM = LSP4LMWCP5;
				GENERATE_INFOPLIST_FILE = YES;
				MARKETING_VERSION = 1.0;
				PRODUCT_BUNDLE_IDENTIFIER = "ds.digitalservices.voice-to-textUITests";
				PRODUCT_NAME = "$(TARGET_NAME)";
				STRING_CATALOG_GENERATE_SYMBOLS = NO;
				SWIFT_APPROACHABLE_CONCURRENCY = YES;
				SWIFT_EMIT_LOC_STRINGS = NO;
				SWIFT_UPCOMING_FEATURE_MEMBER_IMPORT_VISIBILITY = YES;
				SWIFT_VERSION = 5.0;
				TARGETED_DEVICE_FAMILY = "1,2";
				TEST_TARGET_NAME = voice_to_text;
			};
			name = Debug;
		};
		E0C3E1192FD6A96000724AA3 /* Release */ = {
			isa = XCBuildConfiguration;
			buildSettings = {
				CODE_SIGN_STYLE = Automatic;
				CURRENT_PROJECT_VERSION = 1;
				DEVELOPMENT_TEAM = LSP4LMWCP5;
				GENERATE_INFOPLIST_FILE = YES;
				MARKETING_VERSION = 1.0;
				PRODUCT_BUNDLE_IDENTIFIER = "ds.digitalservices.voice-to-textUITests";
				PRODUCT_NAME = "$(TARGET_NAME)";
				STRING_CATALOG_GENERATE_SYMBOLS = NO;
				SWIFT_APPROACHABLE_CONCURRENCY = YES;
				SWIFT_EMIT_LOC_STRINGS = NO;
				SWIFT_UPCOMING_FEATURE_MEMBER_IMPORT_VISIBILITY = YES;
				SWIFT_VERSION = 5.0;
				TARGETED_DEVICE_FAMILY = "1,2";
				TEST_TARGET_NAME = voice_to_text;
			};
			name = Release;
		};
/* End XCBuildConfiguration section */

/* Begin XCConfigurationList section */
		E0C3E0EB2FD6A95E00724AA3 /* Build configuration list for PBXProject "voice_to_text" */ = {
			isa = XCConfigurationList;
			buildConfigurations = (
				E0C3E10F2FD6A96000724AA3 /* Debug */,
				E0C3E1102FD6A96000724AA3 /* Release */,
			);
			defaultConfigurationIsVisible = 0;
			defaultConfigurationName = Release;
		};
		E0C3E1112FD6A96000724AA3 /* Build configuration list for PBXNativeTarget "voice_to_text" */ = {
			isa = XCConfigurationList;
			buildConfigurations = (
				E0C3E1122FD6A96000724AA3 /* Debug */,
				E0C3E1132FD6A96000724AA3 /* Release */,
			);
			defaultConfigurationIsVisible = 0;
			defaultConfigurationName = Release;
		};
		E0C3E1142FD6A96000724AA3 /* Build configuration list for PBXNativeTarget "voice_to_textTests" */ = {
			isa = XCConfigurationList;
			buildConfigurations = (
				E0C3E1152FD6A96000724AA3 /* Debug */,
				E0C3E1162FD6A96000724AA3 /* Release */,
			);
			defaultConfigurationIsVisible = 0;
			defaultConfigurationName = Release;
		};
		E0C3E1172FD6A96000724AA3 /* Build configuration list for PBXNativeTarget "voice_to_textUITests" */ = {
			isa = XCConfigurationList;
			buildConfigurations = (
				E0C3E1182FD6A96000724AA3 /* Debug */,
				E0C3E1192FD6A96000724AA3 /* Release */,
			);
			defaultConfigurationIsVisible = 0;
			defaultConfigurationName = Release;
		};
/* End XCConfigurationList section */
	};
	rootObject = E0C3E0E82FD6A95E00724AA3 /* Project object */;
}
